{
  "requires": true,
  "lockfileVersion": 1,
  "dependencies": {
    "add-to-calendar-buttons": {
      "version": "1.0.0",
      "resolved": "https://registry.npmjs.org/add-to-calendar-buttons/-/add-to-calendar-buttons-1.0.0.tgz",
      "integrity": "sha1-r2bhbl0w81fSfvmwdKmJO1Go+Ec="
    }
  }
}
